Microsoft Visual Studio Solution File, Format Version 11.00
# Visual Studio 2008

Project("{9F652AA6-C2BC-21B0-781F-4DE2ACA78DF3}") = "LS06", "Assembly-CSharp.csproj", "{3B1BC498-A647-AB70-6A56-7BB8C62DFF40}"
EndProject
Global
	GlobalSection(SolutionConfigurationPlatforms) = preSolution
		Debug|Any CPU = Debug|Any CPU
		Release|Any CPU = Release|Any CPU
	EndGlobalSection
	GlobalSection(ProjectConfigurationPlatforms) = postSolution
		{3B1BC498-A647-AB70-6A56-7BB8C62DFF40}.Debug|Any CPU.ActiveCfg = Debug|Any CPU
		{3B1BC498-A647-AB70-6A56-7BB8C62DFF40}.Debug|Any CPU.Build.0 = Debug|Any CPU
		{3B1BC498-A647-AB70-6A56-7BB8C62DFF40}.Release|Any CPU.ActiveCfg = Release|Any CPU
		{3B1BC498-A647-AB70-6A56-7BB8C62DFF40}.Release|Any CPU.Build.0 = Release|Any CPU
	EndGlobalSection
	GlobalSection(SolutionProperties) = preSolution
		HideSolutionNode = FALSE
	EndGlobalSection
	GlobalSection(MonoDevelopProperties) = preSolution
		StartupItem = Assembly-CSharp.csproj
	EndGlobalSection
EndGlobal
