Microsoft Visual Studio Solution File, Format Version 11.00
# Visual Studio 2008

Project("{AD36A610-88EF-9AA5-1D30-4877F8CF4BEC}") = "LS01", "Assembly-CSharp.csproj", "{9827DD38-F086-78A3-DB61-9F27820BE30B}"
EndProject
Global
	GlobalSection(SolutionConfigurationPlatforms) = preSolution
		Debug|Any CPU = Debug|Any CPU
		Release|Any CPU = Release|Any CPU
	EndGlobalSection
	GlobalSection(ProjectConfigurationPlatforms) = postSolution
		{9827DD38-F086-78A3-DB61-9F27820BE30B}.Debug|Any CPU.ActiveCfg = Debug|Any CPU
		{9827DD38-F086-78A3-DB61-9F27820BE30B}.Debug|Any CPU.Build.0 = Debug|Any CPU
		{9827DD38-F086-78A3-DB61-9F27820BE30B}.Release|Any CPU.ActiveCfg = Release|Any CPU
		{9827DD38-F086-78A3-DB61-9F27820BE30B}.Release|Any CPU.Build.0 = Release|Any CPU
	EndGlobalSection
	GlobalSection(SolutionProperties) = preSolution
		HideSolutionNode = FALSE
	EndGlobalSection
	GlobalSection(MonoDevelopProperties) = preSolution
		StartupItem = Assembly-CSharp.csproj
	EndGlobalSection
EndGlobal
